github.com/opencoff/go-logger v0.7.2 h1:zZAf9Y9dmiKGTOmiH/WEzfrlBrR7D2npsP/JhyP0oYs=
github.com/opencoff/go-logger v0.7.2/go.mod h1:dhRnw/605cByI6vleNQFb81ADuw3DH390BtkHoGY/uo=
github.com/opencoff/pflag v1.0.6-sh2 h1:Vw3VuG7Z2Cmpev4U3mB16qXYP20RHoxCAlxPOPSpDJU=
github.com/opencoff/pflag v1.0.6-sh2/go.mod h1:2bXtpAD/5h/2LarkbsRwiUxqnvB1nZBzn9Xjad1P41A=
golang.org/x/net v0.24.0 h1:1PcaxkF854Fu3+lvBIx5SYn9wRlBzzcnHZSiaFFAb0w=
golang.org/x/net v0.24.0/go.mod h1:2Q7sJY5mzlzWjKtYUEXSlBWCdyaioyXzRB2RtU8KVE8=
golang.org/x/text v0.14.0 h1:ScX5w1eTa3QqT8oi6+ziP7dTV1S2+ALU0bI+0zXKWiQ=
golang.org/x/text v0.14.0/go.mod h1:18ZOQIKpY8NJVqYksKHtTdi31H5itFRjB5/qKTNYzSU=
